
Microsoft Visual Studio Solution File, Format Version 12.00
# Visual Studio 14
VisualStudioVersion = 14.0.25420.1
MinimumVisualStudioVersion = 10.0.40219.1
Project("{FAE04EC0-301F-11D3-BF4B-00C04F79EFBC}") = "XAsistControlPage", "XAsistControlPage\XAsistControlPage\XAsistControlPage.csproj", "{604867DB-4832-4A64-8DE2-5CF4C697AA33}"
EndProject
Project("{FAE04EC0-301F-11D3-BF4B-00C04F79EFBC}") = "XAsistControlPage.Droid", "XAsistControlPage\XAsistControlPage.Droid\XAsistControlPage.Droid.csproj", "{60ECC8E9-45A7-458E-B17E-7B55BD422E2B}"
EndProject
Project("{FAE04EC0-301F-11D3-BF4B-00C04F79EFBC}") = "XAsistControlPage.iOS", "XAsistControlPage\XAsistControlPage.iOS\XAsistControlPage.iOS.csproj", "{A905FD4E-7FF2-43E5-BE90-A3A25D0B758D}"
EndProject
Project("{FAE04EC0-301F-11D3-BF4B-00C04F79EFBC}") = "XAsistControlPage.WinPhone", "XAsistControlPage\XAsistControlPage.WinPhone\XAsistControlPage.WinPhone.csproj", "{FBB39F05-B9C1-46E3-9750-A7075BAD4AD1}"
EndProject
Project("{FAE04EC0-301F-11D3-BF4B-00C04F79EFBC}") = "XAsistControlPage.UWP", "XAsistControlPage\XAsistControlPage.UWP\XAsistControlPage.UWP.csproj", "{6829F3F5-30CE-41AB-A335-D309DD7C0122}"
EndProject
Project("{FAE04EC0-301F-11D3-BF4B-00C04F79EFBC}") = "XAsistControlPage.Windows", "XAsistControlPage\XAsistControlPage.Windows\XAsistControlPage.Windows.csproj", "{144D0C2E-E938-432E-9517-6F59BD81A4D0}"
EndProject
Global
	GlobalSection(SolutionConfigurationPlatforms) = preSolution
		Ad-Hoc|Any CPU = Ad-Hoc|Any CPU
		Ad-Hoc|ARM = Ad-Hoc|ARM
		Ad-Hoc|iPhone = Ad-Hoc|iPhone
		Ad-Hoc|iPhoneSimulator = Ad-Hoc|iPhoneSimulator
		Ad-Hoc|x64 = Ad-Hoc|x64
		Ad-Hoc|x86 = Ad-Hoc|x86
		AppStore|Any CPU = AppStore|Any CPU
		AppStore|ARM = AppStore|ARM
		AppStore|iPhone = AppStore|iPhone
		AppStore|iPhoneSimulator = AppStore|iPhoneSimulator
		AppStore|x64 = AppStore|x64
		AppStore|x86 = AppStore|x86
		Debug|Any CPU = Debug|Any CPU
		Debug|ARM = Debug|ARM
		Debug|iPhone = Debug|iPhone
		Debug|iPhoneSimulator = Debug|iPhoneSimulator
		Debug|x64 = Debug|x64
		Debug|x86 = Debug|x86
		Release|Any CPU = Release|Any CPU
		Release|ARM = Release|ARM
		Release|iPhone = Release|iPhone
		Release|iPhoneSimulator = Release|iPhoneSimulator
		Release|x64 = Release|x64
		Release|x86 = Release|x86
	EndGlobalSection
	GlobalSection(ProjectConfigurationPlatforms) = postSolution
		{604867DB-4832-4A64-8DE2-5CF4C697AA33}.Ad-Hoc|Any CPU.ActiveCfg = Release|Any CPU
		{604867DB-4832-4A64-8DE2-5CF4C697AA33}.Ad-Hoc|Any CPU.Build.0 = Release|Any CPU
		{604867DB-4832-4A64-8DE2-5CF4C697AA33}.Ad-Hoc|ARM.ActiveCfg = Release|Any CPU
		{604867DB-4832-4A64-8DE2-5CF4C697AA33}.Ad-Hoc|ARM.Build.0 = Release|Any CPU
		{604867DB-4832-4A64-8DE2-5CF4C697AA33}.Ad-Hoc|iPhone.ActiveCfg = Release|Any CPU
		{604867DB-4832-4A64-8DE2-5CF4C697AA33}.Ad-Hoc|iPhone.Build.0 = Release|Any CPU
		{604867DB-4832-4A64-8DE2-5CF4C697AA33}.Ad-Hoc|iPhoneSimulator.ActiveCfg = Release|Any CPU
		{604867DB-4832-4A64-8DE2-5CF4C697AA33}.Ad-Hoc|iPhoneSimulator.Build.0 = Release|Any CPU
		{604867DB-4832-4A64-8DE2-5CF4C697AA33}.Ad-Hoc|x64.ActiveCfg = Release|Any CPU
		{604867DB-4832-4A64-8DE2-5CF4C697AA33}.Ad-Hoc|x64.Build.0 = Release|Any CPU
		{604867DB-4832-4A64-8DE2-5CF4C697AA33}.Ad-Hoc|x86.ActiveCfg = Release|Any CPU
		{604867DB-4832-4A64-8DE2-5CF4C697AA33}.Ad-Hoc|x86.Build.0 = Release|Any CPU
		{604867DB-4832-4A64-8DE2-5CF4C697AA33}.AppStore|Any CPU.ActiveCfg = Release|Any CPU
		{604867DB-4832-4A64-8DE2-5CF4C697AA33}.AppStore|Any CPU.Build.0 = Release|Any CPU
		{604867DB-4832-4A64-8DE2-5CF4C697AA33}.AppStore|ARM.ActiveCfg = Release|Any CPU
		{604867DB-4832-4A64-8DE2-5CF4C697AA33}.AppStore|ARM.Build.0 = Release|Any CPU
		{604867DB-4832-4A64-8DE2-5CF4C697AA33}.AppStore|iPhone.ActiveCfg = Release|Any CPU
		{604867DB-4832-4A64-8DE2-5CF4C697AA33}.AppStore|iPhone.Build.0 = Release|Any CPU
		{604867DB-4832-4A64-8DE2-5CF4C697AA33}.AppStore|iPhoneSimulator.ActiveCfg = Release|Any CPU
		{604867DB-4832-4A64-8DE2-5CF4C697AA33}.AppStore|iPhoneSimulator.Build.0 = Release|Any CPU
		{604867DB-4832-4A64-8DE2-5CF4C697AA33}.AppStore|x64.ActiveCfg = Release|Any CPU
		{604867DB-4832-4A64-8DE2-5CF4C697AA33}.AppStore|x64.Build.0 = Release|Any CPU
		{604867DB-4832-4A64-8DE2-5CF4C697AA33}.AppStore|x86.ActiveCfg = Release|Any CPU
		{604867DB-4832-4A64-8DE2-5CF4C697AA33}.AppStore|x86.Build.0 = Release|Any CPU
		{604867DB-4832-4A64-8DE2-5CF4C697AA33}.Debug|Any CPU.ActiveCfg = Debug|Any CPU
		{604867DB-4832-4A64-8DE2-5CF4C697AA33}.Debug|Any CPU.Build.0 = Debug|Any CPU
		{604867DB-4832-4A64-8DE2-5CF4C697AA33}.Debug|ARM.ActiveCfg = Debug|Any CPU
		{604867DB-4832-4A64-8DE2-5CF4C697AA33}.Debug|ARM.Build.0 = Debug|Any CPU
		{604867DB-4832-4A64-8DE2-5CF4C697AA33}.Debug|iPhone.ActiveCfg = Debug|Any CPU
		{604867DB-4832-4A64-8DE2-5CF4C697AA33}.Debug|iPhone.Build.0 = Debug|Any CPU
		{604867DB-4832-4A64-8DE2-5CF4C697AA33}.Debug|iPhoneSimulator.ActiveCfg = Debug|Any CPU
		{604867DB-4832-4A64-8DE2-5CF4C697AA33}.Debug|iPhoneSimulator.Build.0 = Debug|Any CPU
		{604867DB-4832-4A64-8DE2-5CF4C697AA33}.Debug|x64.ActiveCfg = Debug|Any CPU
		{604867DB-4832-4A64-8DE2-5CF4C697AA33}.Debug|x64.Build.0 = Debug|Any CPU
		{604867DB-4832-4A64-8DE2-5CF4C697AA33}.Debug|x86.ActiveCfg = Debug|Any CPU
		{604867DB-4832-4A64-8DE2-5CF4C697AA33}.Debug|x86.Build.0 = Debug|Any CPU
		{604867DB-4832-4A64-8DE2-5CF4C697AA33}.Release|Any CPU.ActiveCfg = Release|Any CPU
		{604867DB-4832-4A64-8DE2-5CF4C697AA33}.Release|Any CPU.Build.0 = Release|Any CPU
		{604867DB-4832-4A64-8DE2-5CF4C697AA33}.Release|ARM.ActiveCfg = Release|Any CPU
		{604867DB-4832-4A64-8DE2-5CF4C697AA33}.Release|ARM.Build.0 = Release|Any CPU
		{604867DB-4832-4A64-8DE2-5CF4C697AA33}.Release|iPhone.ActiveCfg = Release|Any CPU
		{604867DB-4832-4A64-8DE2-5CF4C697AA33}.Release|iPhone.Build.0 = Release|Any CPU
		{604867DB-4832-4A64-8DE2-5CF4C697AA33}.Release|iPhoneSimulator.ActiveCfg = Release|Any CPU
		{604867DB-4832-4A64-8DE2-5CF4C697AA33}.Release|iPhoneSimulator.Build.0 = Release|Any CPU
		{604867DB-4832-4A64-8DE2-5CF4C697AA33}.Release|x64.ActiveCfg = Release|Any CPU
		{604867DB-4832-4A64-8DE2-5CF4C697AA33}.Release|x64.Build.0 = Release|Any CPU
		{604867DB-4832-4A64-8DE2-5CF4C697AA33}.Release|x86.ActiveCfg = Release|Any CPU
		{604867DB-4832-4A64-8DE2-5CF4C697AA33}.Release|x86.Build.0 = Release|Any CPU
		{60ECC8E9-45A7-458E-B17E-7B55BD422E2B}.Ad-Hoc|Any CPU.ActiveCfg = Release|Any CPU
		{60ECC8E9-45A7-458E-B17E-7B55BD422E2B}.Ad-Hoc|Any CPU.Build.0 = Release|Any CPU
		{60ECC8E9-45A7-458E-B17E-7B55BD422E2B}.Ad-Hoc|Any CPU.Deploy.0 = Release|Any CPU
		{60ECC8E9-45A7-458E-B17E-7B55BD422E2B}.Ad-Hoc|ARM.ActiveCfg = Release|Any CPU
		{60ECC8E9-45A7-458E-B17E-7B55BD422E2B}.Ad-Hoc|ARM.Build.0 = Release|Any CPU
		{60ECC8E9-45A7-458E-B17E-7B55BD422E2B}.Ad-Hoc|ARM.Deploy.0 = Release|Any CPU
		{60ECC8E9-45A7-458E-B17E-7B55BD422E2B}.Ad-Hoc|iPhone.ActiveCfg = Release|Any CPU
		{60ECC8E9-45A7-458E-B17E-7B55BD422E2B}.Ad-Hoc|iPhone.Build.0 = Release|Any CPU
		{60ECC8E9-45A7-458E-B17E-7B55BD422E2B}.Ad-Hoc|iPhone.Deploy.0 = Release|Any CPU
		{60ECC8E9-45A7-458E-B17E-7B55BD422E2B}.Ad-Hoc|iPhoneSimulator.ActiveCfg = Release|Any CPU
		{60ECC8E9-45A7-458E-B17E-7B55BD422E2B}.Ad-Hoc|iPhoneSimulator.Build.0 = Release|Any CPU
		{60ECC8E9-45A7-458E-B17E-7B55BD422E2B}.Ad-Hoc|iPhoneSimulator.Deploy.0 = Release|Any CPU
		{60ECC8E9-45A7-458E-B17E-7B55BD422E2B}.Ad-Hoc|x64.ActiveCfg = Release|Any CPU
		{60ECC8E9-45A7-458E-B17E-7B55BD422E2B}.Ad-Hoc|x64.Build.0 = Release|Any CPU
		{60ECC8E9-45A7-458E-B17E-7B55BD422E2B}.Ad-Hoc|x64.Deploy.0 = Release|Any CPU
		{60ECC8E9-45A7-458E-B17E-7B55BD422E2B}.Ad-Hoc|x86.ActiveCfg = Release|Any CPU
		{60ECC8E9-45A7-458E-B17E-7B55BD422E2B}.Ad-Hoc|x86.Build.0 = Release|Any CPU
		{60ECC8E9-45A7-458E-B17E-7B55BD422E2B}.Ad-Hoc|x86.Deploy.0 = Release|Any CPU
		{60ECC8E9-45A7-458E-B17E-7B55BD422E2B}.AppStore|Any CPU.ActiveCfg = Release|Any CPU
		{60ECC8E9-45A7-458E-B17E-7B55BD422E2B}.AppStore|Any CPU.Build.0 = Release|Any CPU
		{60ECC8E9-45A7-458E-B17E-7B55BD422E2B}.AppStore|Any CPU.Deploy.0 = Release|Any CPU
		{60ECC8E9-45A7-458E-B17E-7B55BD422E2B}.AppStore|ARM.ActiveCfg = Release|Any CPU
		{60ECC8E9-45A7-458E-B17E-7B55BD422E2B}.AppStore|ARM.Build.0 = Release|Any CPU
		{60ECC8E9-45A7-458E-B17E-7B55BD422E2B}.AppStore|ARM.Deploy.0 = Release|Any CPU
		{60ECC8E9-45A7-458E-B17E-7B55BD422E2B}.AppStore|iPhone.ActiveCfg = Release|Any CPU
		{60ECC8E9-45A7-458E-B17E-7B55BD422E2B}.AppStore|iPhone.Build.0 = Release|Any CPU
		{60ECC8E9-45A7-458E-B17E-7B55BD422E2B}.AppStore|iPhone.Deploy.0 = Release|Any CPU
		{60ECC8E9-45A7-458E-B17E-7B55BD422E2B}.AppStore|iPhoneSimulator.ActiveCfg = Release|Any CPU
		{60ECC8E9-45A7-458E-B17E-7B55BD422E2B}.AppStore|iPhoneSimulator.Build.0 = Release|Any CPU
		{60ECC8E9-45A7-458E-B17E-7B55BD422E2B}.AppStore|iPhoneSimulator.Deploy.0 = Release|Any CPU
		{60ECC8E9-45A7-458E-B17E-7B55BD422E2B}.AppStore|x64.ActiveCfg = Release|Any CPU
		{60ECC8E9-45A7-458E-B17E-7B55BD422E2B}.AppStore|x64.Build.0 = Release|Any CPU
		{60ECC8E9-45A7-458E-B17E-7B55BD422E2B}.AppStore|x64.Deploy.0 = Release|Any CPU
		{60ECC8E9-45A7-458E-B17E-7B55BD422E2B}.AppStore|x86.ActiveCfg = Release|Any CPU
		{60ECC8E9-45A7-458E-B17E-7B55BD422E2B}.AppStore|x86.Build.0 = Release|Any CPU
		{60ECC8E9-45A7-458E-B17E-7B55BD422E2B}.AppStore|x86.Deploy.0 = Release|Any CPU
		{60ECC8E9-45A7-458E-B17E-7B55BD422E2B}.Debug|Any CPU.ActiveCfg = Debug|Any CPU
		{60ECC8E9-45A7-458E-B17E-7B55BD422E2B}.Debug|Any CPU.Build.0 = Debug|Any CPU
		{60ECC8E9-45A7-458E-B17E-7B55BD422E2B}.Debug|Any CPU.Deploy.0 = Debug|Any CPU
		{60ECC8E9-45A7-458E-B17E-7B55BD422E2B}.Debug|ARM.ActiveCfg = Debug|Any CPU
		{60ECC8E9-45A7-458E-B17E-7B55BD422E2B}.Debug|ARM.Build.0 = Debug|Any CPU
		{60ECC8E9-45A7-458E-B17E-7B55BD422E2B}.Debug|ARM.Deploy.0 = Debug|Any CPU
		{60ECC8E9-45A7-458E-B17E-7B55BD422E2B}.Debug|iPhone.ActiveCfg = Debug|Any CPU
		{60ECC8E9-45A7-458E-B17E-7B55BD422E2B}.Debug|iPhone.Build.0 = Debug|Any CPU
		{60ECC8E9-45A7-458E-B17E-7B55BD422E2B}.Debug|iPhone.Deploy.0 = Debug|Any CPU
		{60ECC8E9-45A7-458E-B17E-7B55BD422E2B}.Debug|iPhoneSimulator.ActiveCfg = Debug|Any CPU
		{60ECC8E9-45A7-458E-B17E-7B55BD422E2B}.Debug|iPhoneSimulator.Build.0 = Debug|Any CPU
		{60ECC8E9-45A7-458E-B17E-7B55BD422E2B}.Debug|iPhoneSimulator.Deploy.0 = Debug|Any CPU
		{60ECC8E9-45A7-458E-B17E-7B55BD422E2B}.Debug|x64.ActiveCfg = Debug|Any CPU
		{60ECC8E9-45A7-458E-B17E-7B55BD422E2B}.Debug|x64.Build.0 = Debug|Any CPU
		{60ECC8E9-45A7-458E-B17E-7B55BD422E2B}.Debug|x64.Deploy.0 = Debug|Any CPU
		{60ECC8E9-45A7-458E-B17E-7B55BD422E2B}.Debug|x86.ActiveCfg = Debug|Any CPU
		{60ECC8E9-45A7-458E-B17E-7B55BD422E2B}.Debug|x86.Build.0 = Debug|Any CPU
		{60ECC8E9-45A7-458E-B17E-7B55BD422E2B}.Debug|x86.Deploy.0 = Debug|Any CPU
		{60ECC8E9-45A7-458E-B17E-7B55BD422E2B}.Release|Any CPU.ActiveCfg = Release|Any CPU
		{60ECC8E9-45A7-458E-B17E-7B55BD422E2B}.Release|Any CPU.Build.0 = Release|Any CPU
		{60ECC8E9-45A7-458E-B17E-7B55BD422E2B}.Release|Any CPU.Deploy.0 = Release|Any CPU
		{60ECC8E9-45A7-458E-B17E-7B55BD422E2B}.Release|ARM.ActiveCfg = Release|Any CPU
		{60ECC8E9-45A7-458E-B17E-7B55BD422E2B}.Release|ARM.Build.0 = Release|Any CPU
		{60ECC8E9-45A7-458E-B17E-7B55BD422E2B}.Release|ARM.Deploy.0 = Release|Any CPU
		{60ECC8E9-45A7-458E-B17E-7B55BD422E2B}.Release|iPhone.ActiveCfg = Release|Any CPU
		{60ECC8E9-45A7-458E-B17E-7B55BD422E2B}.Release|iPhone.Build.0 = Release|Any CPU
		{60ECC8E9-45A7-458E-B17E-7B55BD422E2B}.Release|iPhone.Deploy.0 = Release|Any CPU
		{60ECC8E9-45A7-458E-B17E-7B55BD422E2B}.Release|iPhoneSimulator.ActiveCfg = Release|Any CPU
		{60ECC8E9-45A7-458E-B17E-7B55BD422E2B}.Release|iPhoneSimulator.Build.0 = Release|Any CPU
		{60ECC8E9-45A7-458E-B17E-7B55BD422E2B}.Release|iPhoneSimulator.Deploy.0 = Release|Any CPU
		{60ECC8E9-45A7-458E-B17E-7B55BD422E2B}.Release|x64.ActiveCfg = Release|Any CPU
		{60ECC8E9-45A7-458E-B17E-7B55BD422E2B}.Release|x64.Build.0 = Release|Any CPU
		{60ECC8E9-45A7-458E-B17E-7B55BD422E2B}.Release|x64.Deploy.0 = Release|Any CPU
		{60ECC8E9-45A7-458E-B17E-7B55BD422E2B}.Release|x86.ActiveCfg = Release|Any CPU
		{60ECC8E9-45A7-458E-B17E-7B55BD422E2B}.Release|x86.Build.0 = Release|Any CPU
		{60ECC8E9-45A7-458E-B17E-7B55BD422E2B}.Release|x86.Deploy.0 = Release|Any CPU
		{A905FD4E-7FF2-43E5-BE90-A3A25D0B758D}.Ad-Hoc|Any CPU.ActiveCfg = Ad-Hoc|iPhone
		{A905FD4E-7FF2-43E5-BE90-A3A25D0B758D}.Ad-Hoc|ARM.ActiveCfg = Ad-Hoc|iPhone
		{A905FD4E-7FF2-43E5-BE90-A3A25D0B758D}.Ad-Hoc|iPhone.ActiveCfg = Ad-Hoc|iPhone
		{A905FD4E-7FF2-43E5-BE90-A3A25D0B758D}.Ad-Hoc|iPhone.Build.0 = Ad-Hoc|iPhone
		{A905FD4E-7FF2-43E5-BE90-A3A25D0B758D}.Ad-Hoc|iPhoneSimulator.ActiveCfg = Ad-Hoc|iPhoneSimulator
		{A905FD4E-7FF2-43E5-BE90-A3A25D0B758D}.Ad-Hoc|iPhoneSimulator.Build.0 = Ad-Hoc|iPhoneSimulator
		{A905FD4E-7FF2-43E5-BE90-A3A25D0B758D}.Ad-Hoc|x64.ActiveCfg = Ad-Hoc|iPhone
		{A905FD4E-7FF2-43E5-BE90-A3A25D0B758D}.Ad-Hoc|x86.ActiveCfg = Ad-Hoc|iPhone
		{A905FD4E-7FF2-43E5-BE90-A3A25D0B758D}.AppStore|Any CPU.ActiveCfg = AppStore|iPhone
		{A905FD4E-7FF2-43E5-BE90-A3A25D0B758D}.AppStore|ARM.ActiveCfg = AppStore|iPhone
		{A905FD4E-7FF2-43E5-BE90-A3A25D0B758D}.AppStore|iPhone.ActiveCfg = AppStore|iPhone
		{A905FD4E-7FF2-43E5-BE90-A3A25D0B758D}.AppStore|iPhone.Build.0 = AppStore|iPhone
		{A905FD4E-7FF2-43E5-BE90-A3A25D0B758D}.AppStore|iPhoneSimulator.ActiveCfg = AppStore|iPhoneSimulator
		{A905FD4E-7FF2-43E5-BE90-A3A25D0B758D}.AppStore|iPhoneSimulator.Build.0 = AppStore|iPhoneSimulator
		{A905FD4E-7FF2-43E5-BE90-A3A25D0B758D}.AppStore|x64.ActiveCfg = AppStore|iPhone
		{A905FD4E-7FF2-43E5-BE90-A3A25D0B758D}.AppStore|x86.ActiveCfg = AppStore|iPhone
		{A905FD4E-7FF2-43E5-BE90-A3A25D0B758D}.Debug|Any CPU.ActiveCfg = Debug|iPhone
		{A905FD4E-7FF2-43E5-BE90-A3A25D0B758D}.Debug|Any CPU.Build.0 = Debug|iPhone
		{A905FD4E-7FF2-43E5-BE90-A3A25D0B758D}.Debug|ARM.ActiveCfg = Debug|iPhone
		{A905FD4E-7FF2-43E5-BE90-A3A25D0B758D}.Debug|iPhone.ActiveCfg = Debug|iPhone
		{A905FD4E-7FF2-43E5-BE90-A3A25D0B758D}.Debug|iPhone.Build.0 = Debug|iPhone
		{A905FD4E-7FF2-43E5-BE90-A3A25D0B758D}.Debug|iPhoneSimulator.ActiveCfg = Debug|iPhoneSimulator
		{A905FD4E-7FF2-43E5-BE90-A3A25D0B758D}.Debug|iPhoneSimulator.Build.0 = Debug|iPhoneSimulator
		{A905FD4E-7FF2-43E5-BE90-A3A25D0B758D}.Debug|x64.ActiveCfg = Debug|iPhone
		{A905FD4E-7FF2-43E5-BE90-A3A25D0B758D}.Debug|x86.ActiveCfg = Debug|iPhone
		{A905FD4E-7FF2-43E5-BE90-A3A25D0B758D}.Release|Any CPU.ActiveCfg = Release|iPhone
		{A905FD4E-7FF2-43E5-BE90-A3A25D0B758D}.Release|ARM.ActiveCfg = Release|iPhone
		{A905FD4E-7FF2-43E5-BE90-A3A25D0B758D}.Release|iPhone.ActiveCfg = Release|iPhone
		{A905FD4E-7FF2-43E5-BE90-A3A25D0B758D}.Release|iPhone.Build.0 = Release|iPhone
		{A905FD4E-7FF2-43E5-BE90-A3A25D0B758D}.Release|iPhoneSimulator.ActiveCfg = Release|iPhoneSimulator
		{A905FD4E-7FF2-43E5-BE90-A3A25D0B758D}.Release|iPhoneSimulator.Build.0 = Release|iPhoneSimulator
		{A905FD4E-7FF2-43E5-BE90-A3A25D0B758D}.Release|x64.ActiveCfg = Release|iPhone
		{A905FD4E-7FF2-43E5-BE90-A3A25D0B758D}.Release|x86.ActiveCfg = Release|iPhone
		{FBB39F05-B9C1-46E3-9750-A7075BAD4AD1}.Ad-Hoc|Any CPU.ActiveCfg = Release|Any CPU
		{FBB39F05-B9C1-46E3-9750-A7075BAD4AD1}.Ad-Hoc|Any CPU.Build.0 = Release|Any CPU
		{FBB39F05-B9C1-46E3-9750-A7075BAD4AD1}.Ad-Hoc|Any CPU.Deploy.0 = Release|Any CPU
		{FBB39F05-B9C1-46E3-9750-A7075BAD4AD1}.Ad-Hoc|ARM.ActiveCfg = Release|ARM
		{FBB39F05-B9C1-46E3-9750-A7075BAD4AD1}.Ad-Hoc|ARM.Build.0 = Release|ARM
		{FBB39F05-B9C1-46E3-9750-A7075BAD4AD1}.Ad-Hoc|ARM.Deploy.0 = Release|ARM
		{FBB39F05-B9C1-46E3-9750-A7075BAD4AD1}.Ad-Hoc|iPhone.ActiveCfg = Release|Any CPU
		{FBB39F05-B9C1-46E3-9750-A7075BAD4AD1}.Ad-Hoc|iPhone.Build.0 = Release|Any CPU
		{FBB39F05-B9C1-46E3-9750-A7075BAD4AD1}.Ad-Hoc|iPhone.Deploy.0 = Release|Any CPU
		{FBB39F05-B9C1-46E3-9750-A7075BAD4AD1}.Ad-Hoc|iPhoneSimulator.ActiveCfg = Release|Any CPU
		{FBB39F05-B9C1-46E3-9750-A7075BAD4AD1}.Ad-Hoc|iPhoneSimulator.Build.0 = Release|Any CPU
		{FBB39F05-B9C1-46E3-9750-A7075BAD4AD1}.Ad-Hoc|iPhoneSimulator.Deploy.0 = Release|Any CPU
		{FBB39F05-B9C1-46E3-9750-A7075BAD4AD1}.Ad-Hoc|x64.ActiveCfg = Release|Any CPU
		{FBB39F05-B9C1-46E3-9750-A7075BAD4AD1}.Ad-Hoc|x64.Build.0 = Release|Any CPU
		{FBB39F05-B9C1-46E3-9750-A7075BAD4AD1}.Ad-Hoc|x64.Deploy.0 = Release|Any CPU
		{FBB39F05-B9C1-46E3-9750-A7075BAD4AD1}.Ad-Hoc|x86.ActiveCfg = Release|x86
		{FBB39F05-B9C1-46E3-9750-A7075BAD4AD1}.Ad-Hoc|x86.Build.0 = Release|x86
		{FBB39F05-B9C1-46E3-9750-A7075BAD4AD1}.Ad-Hoc|x86.Deploy.0 = Release|x86
		{FBB39F05-B9C1-46E3-9750-A7075BAD4AD1}.AppStore|Any CPU.ActiveCfg = Release|Any CPU
		{FBB39F05-B9C1-46E3-9750-A7075BAD4AD1}.AppStore|Any CPU.Build.0 = Release|Any CPU
		{FBB39F05-B9C1-46E3-9750-A7075BAD4AD1}.AppStore|Any CPU.Deploy.0 = Release|Any CPU
		{FBB39F05-B9C1-46E3-9750-A7075BAD4AD1}.AppStore|ARM.ActiveCfg = Release|ARM
		{FBB39F05-B9C1-46E3-9750-A7075BAD4AD1}.AppStore|ARM.Build.0 = Release|ARM
		{FBB39F05-B9C1-46E3-9750-A7075BAD4AD1}.AppStore|ARM.Deploy.0 = Release|ARM
		{FBB39F05-B9C1-46E3-9750-A7075BAD4AD1}.AppStore|iPhone.ActiveCfg = Release|Any CPU
		{FBB39F05-B9C1-46E3-9750-A7075BAD4AD1}.AppStore|iPhone.Build.0 = Release|Any CPU
		{FBB39F05-B9C1-46E3-9750-A7075BAD4AD1}.AppStore|iPhone.Deploy.0 = Release|Any CPU
		{FBB39F05-B9C1-46E3-9750-A7075BAD4AD1}.AppStore|iPhoneSimulator.ActiveCfg = Release|Any CPU
		{FBB39F05-B9C1-46E3-9750-A7075BAD4AD1}.AppStore|iPhoneSimulator.Build.0 = Release|Any CPU
		{FBB39F05-B9C1-46E3-9750-A7075BAD4AD1}.AppStore|iPhoneSimulator.Deploy.0 = Release|Any CPU
		{FBB39F05-B9C1-46E3-9750-A7075BAD4AD1}.AppStore|x64.ActiveCfg = Release|Any CPU
		{FBB39F05-B9C1-46E3-9750-A7075BAD4AD1}.AppStore|x64.Build.0 = Release|Any CPU
		{FBB39F05-B9C1-46E3-9750-A7075BAD4AD1}.AppStore|x64.Deploy.0 = Release|Any CPU
		{FBB39F05-B9C1-46E3-9750-A7075BAD4AD1}.AppStore|x86.ActiveCfg = Release|x86
		{FBB39F05-B9C1-46E3-9750-A7075BAD4AD1}.AppStore|x86.Build.0 = Release|x86
		{FBB39F05-B9C1-46E3-9750-A7075BAD4AD1}.AppStore|x86.Deploy.0 = Release|x86
		{FBB39F05-B9C1-46E3-9750-A7075BAD4AD1}.Debug|Any CPU.ActiveCfg = Debug|Any CPU
		{FBB39F05-B9C1-46E3-9750-A7075BAD4AD1}.Debug|ARM.ActiveCfg = Debug|ARM
		{FBB39F05-B9C1-46E3-9750-A7075BAD4AD1}.Debug|ARM.Build.0 = Debug|ARM
		{FBB39F05-B9C1-46E3-9750-A7075BAD4AD1}.Debug|ARM.Deploy.0 = Debug|ARM
		{FBB39F05-B9C1-46E3-9750-A7075BAD4AD1}.Debug|iPhone.ActiveCfg = Debug|Any CPU
		{FBB39F05-B9C1-46E3-9750-A7075BAD4AD1}.Debug|iPhone.Build.0 = Debug|Any CPU
		{FBB39F05-B9C1-46E3-9750-A7075BAD4AD1}.Debug|iPhone.Deploy.0 = Debug|Any CPU
		{FBB39F05-B9C1-46E3-9750-A7075BAD4AD1}.Debug|iPhoneSimulator.ActiveCfg = Debug|Any CPU
		{FBB39F05-B9C1-46E3-9750-A7075BAD4AD1}.Debug|iPhoneSimulator.Build.0 = Debug|Any CPU
		{FBB39F05-B9C1-46E3-9750-A7075BAD4AD1}.Debug|iPhoneSimulator.Deploy.0 = Debug|Any CPU
		{FBB39F05-B9C1-46E3-9750-A7075BAD4AD1}.Debug|x64.ActiveCfg = Debug|Any CPU
		{FBB39F05-B9C1-46E3-9750-A7075BAD4AD1}.Debug|x64.Build.0 = Debug|Any CPU
		{FBB39F05-B9C1-46E3-9750-A7075BAD4AD1}.Debug|x64.Deploy.0 = Debug|Any CPU
		{FBB39F05-B9C1-46E3-9750-A7075BAD4AD1}.Debug|x86.ActiveCfg = Debug|x86
		{FBB39F05-B9C1-46E3-9750-A7075BAD4AD1}.Debug|x86.Build.0 = Debug|x86
		{FBB39F05-B9C1-46E3-9750-A7075BAD4AD1}.Debug|x86.Deploy.0 = Debug|x86
		{FBB39F05-B9C1-46E3-9750-A7075BAD4AD1}.Release|Any CPU.ActiveCfg = Release|Any CPU
		{FBB39F05-B9C1-46E3-9750-A7075BAD4AD1}.Release|Any CPU.Build.0 = Release|Any CPU
		{FBB39F05-B9C1-46E3-9750-A7075BAD4AD1}.Release|Any CPU.Deploy.0 = Release|Any CPU
		{FBB39F05-B9C1-46E3-9750-A7075BAD4AD1}.Release|ARM.ActiveCfg = Release|ARM
		{FBB39F05-B9C1-46E3-9750-A7075BAD4AD1}.Release|ARM.Build.0 = Release|ARM
		{FBB39F05-B9C1-46E3-9750-A7075BAD4AD1}.Release|ARM.Deploy.0 = Release|ARM
		{FBB39F05-B9C1-46E3-9750-A7075BAD4AD1}.Release|iPhone.ActiveCfg = Release|Any CPU
		{FBB39F05-B9C1-46E3-9750-A7075BAD4AD1}.Release|iPhone.Build.0 = Release|Any CPU
		{FBB39F05-B9C1-46E3-9750-A7075BAD4AD1}.Release|iPhone.Deploy.0 = Release|Any CPU
		{FBB39F05-B9C1-46E3-9750-A7075BAD4AD1}.Release|iPhoneSimulator.ActiveCfg = Release|Any CPU
		{FBB39F05-B9C1-46E3-9750-A7075BAD4AD1}.Release|iPhoneSimulator.Build.0 = Release|Any CPU
		{FBB39F05-B9C1-46E3-9750-A7075BAD4AD1}.Release|iPhoneSimulator.Deploy.0 = Release|Any CPU
		{FBB39F05-B9C1-46E3-9750-A7075BAD4AD1}.Release|x64.ActiveCfg = Release|Any CPU
		{FBB39F05-B9C1-46E3-9750-A7075BAD4AD1}.Release|x64.Build.0 = Release|Any CPU
		{FBB39F05-B9C1-46E3-9750-A7075BAD4AD1}.Release|x64.Deploy.0 = Release|Any CPU
		{FBB39F05-B9C1-46E3-9750-A7075BAD4AD1}.Release|x86.ActiveCfg = Release|x86
		{FBB39F05-B9C1-46E3-9750-A7075BAD4AD1}.Release|x86.Build.0 = Release|x86
		{FBB39F05-B9C1-46E3-9750-A7075BAD4AD1}.Release|x86.Deploy.0 = Release|x86
		{6829F3F5-30CE-41AB-A335-D309DD7C0122}.Ad-Hoc|Any CPU.ActiveCfg = Release|x86
		{6829F3F5-30CE-41AB-A335-D309DD7C0122}.Ad-Hoc|Any CPU.Build.0 = Release|x86
		{6829F3F5-30CE-41AB-A335-D309DD7C0122}.Ad-Hoc|Any CPU.Deploy.0 = Release|x86
		{6829F3F5-30CE-41AB-A335-D309DD7C0122}.Ad-Hoc|ARM.ActiveCfg = Release|ARM
		{6829F3F5-30CE-41AB-A335-D309DD7C0122}.Ad-Hoc|ARM.Build.0 = Release|ARM
		{6829F3F5-30CE-41AB-A335-D309DD7C0122}.Ad-Hoc|ARM.Deploy.0 = Release|ARM
		{6829F3F5-30CE-41AB-A335-D309DD7C0122}.Ad-Hoc|iPhone.ActiveCfg = Release|x86
		{6829F3F5-30CE-41AB-A335-D309DD7C0122}.Ad-Hoc|iPhone.Build.0 = Release|x86
		{6829F3F5-30CE-41AB-A335-D309DD7C0122}.Ad-Hoc|iPhone.Deploy.0 = Release|x86
		{6829F3F5-30CE-41AB-A335-D309DD7C0122}.Ad-Hoc|iPhoneSimulator.ActiveCfg = Release|x86
		{6829F3F5-30CE-41AB-A335-D309DD7C0122}.Ad-Hoc|iPhoneSimulator.Build.0 = Release|x86
		{6829F3F5-30CE-41AB-A335-D309DD7C0122}.Ad-Hoc|iPhoneSimulator.Deploy.0 = Release|x86
		{6829F3F5-30CE-41AB-A335-D309DD7C0122}.Ad-Hoc|x64.ActiveCfg = Release|x64
		{6829F3F5-30CE-41AB-A335-D309DD7C0122}.Ad-Hoc|x64.Build.0 = Release|x64
		{6829F3F5-30CE-41AB-A335-D309DD7C0122}.Ad-Hoc|x64.Deploy.0 = Release|x64
		{6829F3F5-30CE-41AB-A335-D309DD7C0122}.Ad-Hoc|x86.ActiveCfg = Release|x86
		{6829F3F5-30CE-41AB-A335-D309DD7C0122}.Ad-Hoc|x86.Build.0 = Release|x86
		{6829F3F5-30CE-41AB-A335-D309DD7C0122}.Ad-Hoc|x86.Deploy.0 = Release|x86
		{6829F3F5-30CE-41AB-A335-D309DD7C0122}.AppStore|Any CPU.ActiveCfg = Release|x86
		{6829F3F5-30CE-41AB-A335-D309DD7C0122}.AppStore|Any CPU.Build.0 = Release|x86
		{6829F3F5-30CE-41AB-A335-D309DD7C0122}.AppStore|Any CPU.Deploy.0 = Release|x86
		{6829F3F5-30CE-41AB-A335-D309DD7C0122}.AppStore|ARM.ActiveCfg = Release|ARM
		{6829F3F5-30CE-41AB-A335-D309DD7C0122}.AppStore|ARM.Build.0 = Release|ARM
		{6829F3F5-30CE-41AB-A335-D309DD7C0122}.AppStore|ARM.Deploy.0 = Release|ARM
		{6829F3F5-30CE-41AB-A335-D309DD7C0122}.AppStore|iPhone.ActiveCfg = Release|x86
		{6829F3F5-30CE-41AB-A335-D309DD7C0122}.AppStore|iPhone.Build.0 = Release|x86
		{6829F3F5-30CE-41AB-A335-D309DD7C0122}.AppStore|iPhone.Deploy.0 = Release|x86
		{6829F3F5-30CE-41AB-A335-D309DD7C0122}.AppStore|iPhoneSimulator.ActiveCfg = Release|x86
		{6829F3F5-30CE-41AB-A335-D309DD7C0122}.AppStore|iPhoneSimulator.Build.0 = Release|x86
		{6829F3F5-30CE-41AB-A335-D309DD7C0122}.AppStore|iPhoneSimulator.Deploy.0 = Release|x86
		{6829F3F5-30CE-41AB-A335-D309DD7C0122}.AppStore|x64.ActiveCfg = Release|x64
		{6829F3F5-30CE-41AB-A335-D309DD7C0122}.AppStore|x64.Build.0 = Release|x64
		{6829F3F5-30CE-41AB-A335-D309DD7C0122}.AppStore|x64.Deploy.0 = Release|x64
		{6829F3F5-30CE-41AB-A335-D309DD7C0122}.AppStore|x86.ActiveCfg = Release|x86
		{6829F3F5-30CE-41AB-A335-D309DD7C0122}.AppStore|x86.Build.0 = Release|x86
		{6829F3F5-30CE-41AB-A335-D309DD7C0122}.AppStore|x86.Deploy.0 = Release|x86
		{6829F3F5-30CE-41AB-A335-D309DD7C0122}.Debug|Any CPU.ActiveCfg = Debug|x86
		{6829F3F5-30CE-41AB-A335-D309DD7C0122}.Debug|Any CPU.Build.0 = Debug|x86
		{6829F3F5-30CE-41AB-A335-D309DD7C0122}.Debug|Any CPU.Deploy.0 = Debug|x86
		{6829F3F5-30CE-41AB-A335-D309DD7C0122}.Debug|ARM.ActiveCfg = Debug|ARM
		{6829F3F5-30CE-41AB-A335-D309DD7C0122}.Debug|ARM.Build.0 = Debug|ARM
		{6829F3F5-30CE-41AB-A335-D309DD7C0122}.Debug|ARM.Deploy.0 = Debug|ARM
		{6829F3F5-30CE-41AB-A335-D309DD7C0122}.Debug|iPhone.ActiveCfg = Debug|x86
		{6829F3F5-30CE-41AB-A335-D309DD7C0122}.Debug|iPhoneSimulator.ActiveCfg = Debug|x86
		{6829F3F5-30CE-41AB-A335-D309DD7C0122}.Debug|x64.ActiveCfg = Debug|x64
		{6829F3F5-30CE-41AB-A335-D309DD7C0122}.Debug|x64.Build.0 = Debug|x64
		{6829F3F5-30CE-41AB-A335-D309DD7C0122}.Debug|x64.Deploy.0 = Debug|x64
		{6829F3F5-30CE-41AB-A335-D309DD7C0122}.Debug|x86.ActiveCfg = Debug|x86
		{6829F3F5-30CE-41AB-A335-D309DD7C0122}.Debug|x86.Build.0 = Debug|x86
		{6829F3F5-30CE-41AB-A335-D309DD7C0122}.Debug|x86.Deploy.0 = Debug|x86
		{6829F3F5-30CE-41AB-A335-D309DD7C0122}.Release|Any CPU.ActiveCfg = Release|x86
		{6829F3F5-30CE-41AB-A335-D309DD7C0122}.Release|ARM.ActiveCfg = Release|ARM
		{6829F3F5-30CE-41AB-A335-D309DD7C0122}.Release|ARM.Build.0 = Release|ARM
		{6829F3F5-30CE-41AB-A335-D309DD7C0122}.Release|ARM.Deploy.0 = Release|ARM
		{6829F3F5-30CE-41AB-A335-D309DD7C0122}.Release|iPhone.ActiveCfg = Release|x86
		{6829F3F5-30CE-41AB-A335-D309DD7C0122}.Release|iPhoneSimulator.ActiveCfg = Release|x86
		{6829F3F5-30CE-41AB-A335-D309DD7C0122}.Release|x64.ActiveCfg = Release|x64
		{6829F3F5-30CE-41AB-A335-D309DD7C0122}.Release|x64.Build.0 = Release|x64
		{6829F3F5-30CE-41AB-A335-D309DD7C0122}.Release|x64.Deploy.0 = Release|x64
		{6829F3F5-30CE-41AB-A335-D309DD7C0122}.Release|x86.ActiveCfg = Release|x86
		{6829F3F5-30CE-41AB-A335-D309DD7C0122}.Release|x86.Build.0 = Release|x86
		{6829F3F5-30CE-41AB-A335-D309DD7C0122}.Release|x86.Deploy.0 = Release|x86
		{144D0C2E-E938-432E-9517-6F59BD81A4D0}.Ad-Hoc|Any CPU.ActiveCfg = Release|Any CPU
		{144D0C2E-E938-432E-9517-6F59BD81A4D0}.Ad-Hoc|Any CPU.Build.0 = Release|Any CPU
		{144D0C2E-E938-432E-9517-6F59BD81A4D0}.Ad-Hoc|Any CPU.Deploy.0 = Release|Any CPU
		{144D0C2E-E938-432E-9517-6F59BD81A4D0}.Ad-Hoc|ARM.ActiveCfg = Release|ARM
		{144D0C2E-E938-432E-9517-6F59BD81A4D0}.Ad-Hoc|ARM.Build.0 = Release|ARM
		{144D0C2E-E938-432E-9517-6F59BD81A4D0}.Ad-Hoc|ARM.Deploy.0 = Release|ARM
		{144D0C2E-E938-432E-9517-6F59BD81A4D0}.Ad-Hoc|iPhone.ActiveCfg = Release|Any CPU
		{144D0C2E-E938-432E-9517-6F59BD81A4D0}.Ad-Hoc|iPhone.Build.0 = Release|Any CPU
		{144D0C2E-E938-432E-9517-6F59BD81A4D0}.Ad-Hoc|iPhone.Deploy.0 = Release|Any CPU
		{144D0C2E-E938-432E-9517-6F59BD81A4D0}.Ad-Hoc|iPhoneSimulator.ActiveCfg = Release|Any CPU
		{144D0C2E-E938-432E-9517-6F59BD81A4D0}.Ad-Hoc|iPhoneSimulator.Build.0 = Release|Any CPU
		{144D0C2E-E938-432E-9517-6F59BD81A4D0}.Ad-Hoc|iPhoneSimulator.Deploy.0 = Release|Any CPU
		{144D0C2E-E938-432E-9517-6F59BD81A4D0}.Ad-Hoc|x64.ActiveCfg = Release|x64
		{144D0C2E-E938-432E-9517-6F59BD81A4D0}.Ad-Hoc|x64.Build.0 = Release|x64
		{144D0C2E-E938-432E-9517-6F59BD81A4D0}.Ad-Hoc|x64.Deploy.0 = Release|x64
		{144D0C2E-E938-432E-9517-6F59BD81A4D0}.Ad-Hoc|x86.ActiveCfg = Release|x86
		{144D0C2E-E938-432E-9517-6F59BD81A4D0}.Ad-Hoc|x86.Build.0 = Release|x86
		{144D0C2E-E938-432E-9517-6F59BD81A4D0}.Ad-Hoc|x86.Deploy.0 = Release|x86
		{144D0C2E-E938-432E-9517-6F59BD81A4D0}.AppStore|Any CPU.ActiveCfg = Release|Any CPU
		{144D0C2E-E938-432E-9517-6F59BD81A4D0}.AppStore|Any CPU.Build.0 = Release|Any CPU
		{144D0C2E-E938-432E-9517-6F59BD81A4D0}.AppStore|Any CPU.Deploy.0 = Release|Any CPU
		{144D0C2E-E938-432E-9517-6F59BD81A4D0}.AppStore|ARM.ActiveCfg = Release|ARM
		{144D0C2E-E938-432E-9517-6F59BD81A4D0}.AppStore|ARM.Build.0 = Release|ARM
		{144D0C2E-E938-432E-9517-6F59BD81A4D0}.AppStore|ARM.Deploy.0 = Release|ARM
		{144D0C2E-E938-432E-9517-6F59BD81A4D0}.AppStore|iPhone.ActiveCfg = Release|Any CPU
		{144D0C2E-E938-432E-9517-6F59BD81A4D0}.AppStore|iPhone.Build.0 = Release|Any CPU
		{144D0C2E-E938-432E-9517-6F59BD81A4D0}.AppStore|iPhone.Deploy.0 = Release|Any CPU
		{144D0C2E-E938-432E-9517-6F59BD81A4D0}.AppStore|iPhoneSimulator.ActiveCfg = Release|Any CPU
		{144D0C2E-E938-432E-9517-6F59BD81A4D0}.AppStore|iPhoneSimulator.Build.0 = Release|Any CPU
		{144D0C2E-E938-432E-9517-6F59BD81A4D0}.AppStore|iPhoneSimulator.Deploy.0 = Release|Any CPU
		{144D0C2E-E938-432E-9517-6F59BD81A4D0}.AppStore|x64.ActiveCfg = Release|x64
		{144D0C2E-E938-432E-9517-6F59BD81A4D0}.AppStore|x64.Build.0 = Release|x64
		{144D0C2E-E938-432E-9517-6F59BD81A4D0}.AppStore|x64.Deploy.0 = Release|x64
		{144D0C2E-E938-432E-9517-6F59BD81A4D0}.AppStore|x86.ActiveCfg = Release|x86
		{144D0C2E-E938-432E-9517-6F59BD81A4D0}.AppStore|x86.Build.0 = Release|x86
		{144D0C2E-E938-432E-9517-6F59BD81A4D0}.AppStore|x86.Deploy.0 = Release|x86
		{144D0C2E-E938-432E-9517-6F59BD81A4D0}.Debug|Any CPU.ActiveCfg = Debug|Any CPU
		{144D0C2E-E938-432E-9517-6F59BD81A4D0}.Debug|ARM.ActiveCfg = Debug|ARM
		{144D0C2E-E938-432E-9517-6F59BD81A4D0}.Debug|ARM.Build.0 = Debug|ARM
		{144D0C2E-E938-432E-9517-6F59BD81A4D0}.Debug|ARM.Deploy.0 = Debug|ARM
		{144D0C2E-E938-432E-9517-6F59BD81A4D0}.Debug|iPhone.ActiveCfg = Debug|Any CPU
		{144D0C2E-E938-432E-9517-6F59BD81A4D0}.Debug|iPhone.Build.0 = Debug|Any CPU
		{144D0C2E-E938-432E-9517-6F59BD81A4D0}.Debug|iPhone.Deploy.0 = Debug|Any CPU
		{144D0C2E-E938-432E-9517-6F59BD81A4D0}.Debug|iPhoneSimulator.ActiveCfg = Debug|Any CPU
		{144D0C2E-E938-432E-9517-6F59BD81A4D0}.Debug|iPhoneSimulator.Build.0 = Debug|Any CPU
		{144D0C2E-E938-432E-9517-6F59BD81A4D0}.Debug|iPhoneSimulator.Deploy.0 = Debug|Any CPU
		{144D0C2E-E938-432E-9517-6F59BD81A4D0}.Debug|x64.ActiveCfg = Debug|x64
		{144D0C2E-E938-432E-9517-6F59BD81A4D0}.Debug|x64.Build.0 = Debug|x64
		{144D0C2E-E938-432E-9517-6F59BD81A4D0}.Debug|x64.Deploy.0 = Debug|x64
		{144D0C2E-E938-432E-9517-6F59BD81A4D0}.Debug|x86.ActiveCfg = Debug|x86
		{144D0C2E-E938-432E-9517-6F59BD81A4D0}.Debug|x86.Build.0 = Debug|x86
		{144D0C2E-E938-432E-9517-6F59BD81A4D0}.Debug|x86.Deploy.0 = Debug|x86
		{144D0C2E-E938-432E-9517-6F59BD81A4D0}.Release|Any CPU.ActiveCfg = Release|Any CPU
		{144D0C2E-E938-432E-9517-6F59BD81A4D0}.Release|Any CPU.Build.0 = Release|Any CPU
		{144D0C2E-E938-432E-9517-6F59BD81A4D0}.Release|Any CPU.Deploy.0 = Release|Any CPU
		{144D0C2E-E938-432E-9517-6F59BD81A4D0}.Release|ARM.ActiveCfg = Release|ARM
		{144D0C2E-E938-432E-9517-6F59BD81A4D0}.Release|ARM.Build.0 = Release|ARM
		{144D0C2E-E938-432E-9517-6F59BD81A4D0}.Release|ARM.Deploy.0 = Release|ARM
		{144D0C2E-E938-432E-9517-6F59BD81A4D0}.Release|iPhone.ActiveCfg = Release|Any CPU
		{144D0C2E-E938-432E-9517-6F59BD81A4D0}.Release|iPhone.Build.0 = Release|Any CPU
		{144D0C2E-E938-432E-9517-6F59BD81A4D0}.Release|iPhone.Deploy.0 = Release|Any CPU
		{144D0C2E-E938-432E-9517-6F59BD81A4D0}.Release|iPhoneSimulator.ActiveCfg = Release|Any CPU
		{144D0C2E-E938-432E-9517-6F59BD81A4D0}.Release|iPhoneSimulator.Build.0 = Release|Any CPU
		{144D0C2E-E938-432E-9517-6F59BD81A4D0}.Release|iPhoneSimulator.Deploy.0 = Release|Any CPU
		{144D0C2E-E938-432E-9517-6F59BD81A4D0}.Release|x64.ActiveCfg = Release|x64
		{144D0C2E-E938-432E-9517-6F59BD81A4D0}.Release|x64.Build.0 = Release|x64
		{144D0C2E-E938-432E-9517-6F59BD81A4D0}.Release|x64.Deploy.0 = Release|x64
		{144D0C2E-E938-432E-9517-6F59BD81A4D0}.Release|x86.ActiveCfg = Release|x86
		{144D0C2E-E938-432E-9517-6F59BD81A4D0}.Release|x86.Build.0 = Release|x86
		{144D0C2E-E938-432E-9517-6F59BD81A4D0}.Release|x86.Deploy.0 = Release|x86
	EndGlobalSection
	GlobalSection(SolutionProperties) = preSolution
		HideSolutionNode = FALSE
	EndGlobalSection
EndGlobal
